
Microsoft Visual Studio Solution File, Format Version 12.00
# Visual Studio Version 17
VisualStudioVersion = 17.1.32319.34
MinimumVisualStudioVersion = 10.0.40219.1
Project("{FAE04EC0-301F-11D3-BF4B-00C04F79EFBC}") = "ConsoleApp105", "ConsoleApp105\ConsoleApp105.csproj", "{487A8848-3F6A-4C58-A0B6-116F1FCC7694}"
EndProject
Global
	GlobalSection(SolutionConfigurationPlatforms) = preSolution
		Debug|Any CPU = Debug|Any CPU
		Release|Any CPU = Release|Any CPU
	EndGlobalSection
	GlobalSection(ProjectConfigurationPlatforms) = postSolution
		{487A8848-3F6A-4C58-A0B6-116F1FCC7694}.Debug|Any CPU.ActiveCfg = Debug|Any CPU
		{487A8848-3F6A-4C58-A0B6-116F1FCC7694}.Debug|Any CPU.Build.0 = Debug|Any CPU
		{487A8848-3F6A-4C58-A0B6-116F1FCC7694}.Release|Any CPU.ActiveCfg = Release|Any CPU
		{487A8848-3F6A-4C58-A0B6-116F1FCC7694}.Release|Any CPU.Build.0 = Release|Any CPU
	EndGlobalSection
	GlobalSection(SolutionProperties) = preSolution
		HideSolutionNode = FALSE
	EndGlobalSection
	GlobalSection(ExtensibilityGlobals) = postSolution
		SolutionGuid = {836E0209-82D2-4BC2-AEE4-23D65C5643EE}
	EndGlobalSection
EndGlobal
